
Microsoft Visual Studio Solution File, Format Version 12.00
# Visual Studio Version 17
VisualStudioVersion = 17.13.35617.110
MinimumVisualStudioVersion = 10.0.40219.1
Project("{FAE04EC0-301F-11D3-BF4B-00C04F79EFBC}") = "FinanceMan.Shared", "FinanceMan.Shared\FinanceMan.Shared.csproj", "{D55CB5D4-ADEB-4EDC-952A-CFDB4C387357}"
EndProject
Project("{FAE04EC0-301F-11D3-BF4B-00C04F79EFBC}") = "FinanceMan.Data", "FinanceMan.Data\FinanceMan.Data.csproj", "{B23DFCBE-809D-42B0-B425-534C629580B1}"
EndProject
Project("{FAE04EC0-301F-11D3-BF4B-00C04F79EFBC}") = "FinanceMan.Server", "FinanceMan.Server\FinanceMan.Server.csproj", "{283CC15C-F55E-41ED-A973-38B3FEEBCFA2}"
EndProject
Project("{FAE04EC0-301F-11D3-BF4B-00C04F79EFBC}") = "FinanceMan.Client", "FinanceMan.Client\FinanceMan.Client.csproj", "{F8DC6605-D7AA-4F72-BB87-25A6903E6E1F}"
EndProject
Global
	GlobalSection(SolutionConfigurationPlatforms) = preSolution
		Debug|Any CPU = Debug|Any CPU
		Release|Any CPU = Release|Any CPU
	EndGlobalSection
	GlobalSection(ProjectConfigurationPlatforms) = postSolution
		{D55CB5D4-ADEB-4EDC-952A-CFDB4C387357}.Debug|Any CPU.ActiveCfg = Debug|Any CPU
		{D55CB5D4-ADEB-4EDC-952A-CFDB4C387357}.Debug|Any CPU.Build.0 = Debug|Any CPU
		{D55CB5D4-ADEB-4EDC-952A-CFDB4C387357}.Release|Any CPU.ActiveCfg = Release|Any CPU
		{D55CB5D4-ADEB-4EDC-952A-CFDB4C387357}.Release|Any CPU.Build.0 = Release|Any CPU
		{B23DFCBE-809D-42B0-B425-534C629580B1}.Debug|Any CPU.ActiveCfg = Debug|Any CPU
		{B23DFCBE-809D-42B0-B425-534C629580B1}.Debug|Any CPU.Build.0 = Debug|Any CPU
		{B23DFCBE-809D-42B0-B425-534C629580B1}.Release|Any CPU.ActiveCfg = Release|Any CPU
		{B23DFCBE-809D-42B0-B425-534C629580B1}.Release|Any CPU.Build.0 = Release|Any CPU
		{283CC15C-F55E-41ED-A973-38B3FEEBCFA2}.Debug|Any CPU.ActiveCfg = Debug|Any CPU
		{283CC15C-F55E-41ED-A973-38B3FEEBCFA2}.Debug|Any CPU.Build.0 = Debug|Any CPU
		{283CC15C-F55E-41ED-A973-38B3FEEBCFA2}.Release|Any CPU.ActiveCfg = Release|Any CPU
		{283CC15C-F55E-41ED-A973-38B3FEEBCFA2}.Release|Any CPU.Build.0 = Release|Any CPU
		{F8DC6605-D7AA-4F72-BB87-25A6903E6E1F}.Debug|Any CPU.ActiveCfg = Debug|Any CPU
		{F8DC6605-D7AA-4F72-BB87-25A6903E6E1F}.Debug|Any CPU.Build.0 = Debug|Any CPU
		{F8DC6605-D7AA-4F72-BB87-25A6903E6E1F}.Release|Any CPU.ActiveCfg = Release|Any CPU
		{F8DC6605-D7AA-4F72-BB87-25A6903E6E1F}.Release|Any CPU.Build.0 = Release|Any CPU
	EndGlobalSection
	GlobalSection(SolutionProperties) = preSolution
		HideSolutionNode = FALSE
	EndGlobalSection
	GlobalSection(ExtensibilityGlobals) = postSolution
		SolutionGuid = {236567CB-187D-43C0-999B-A420570983F1}
	EndGlobalSection
EndGlobal
